
Microsoft Visual Studio Solution File, Format Version 12.00
# Visual Studio Version 16
VisualStudioVersion = 16.0.31321.278
MinimumVisualStudioVersion = 10.0.40219.1
Project("{9A19103F-16F7-4668-BE54-9A1E7A4F7556}") = "ArtStore.Ui", "ArtStore.Ui\ArtStore.Ui.csproj", "{1F945651-FF36-447A-A87D-39E0C2C000F5}"
EndProject
Project("{9A19103F-16F7-4668-BE54-9A1E7A4F7556}") = "DAL", "DAL\DAL.csproj", "{405D7CF2-905D-416C-AC01-148EF5D8F0F5}"
EndProject
Project("{9A19103F-16F7-4668-BE54-9A1E7A4F7556}") = "BLL", "BLL\BLL.csproj", "{2757A0D5-F753-4EBC-95E6-3E4614A4D0AA}"
EndProject
Project("{FAE04EC0-301F-11D3-BF4B-00C04F79EFBC}") = "ArtStore.Entity", "ArtStore.Entity\ArtStore.Entity.csproj", "{C1C53975-A5E8-4971-A48B-7D8912BA99FB}"
EndProject
Global
	GlobalSection(SolutionConfigurationPlatforms) = preSolution
		Debug|Any CPU = Debug|Any CPU
		Release|Any CPU = Release|Any CPU
	EndGlobalSection
	GlobalSection(ProjectConfigurationPlatforms) = postSolution
		{1F945651-FF36-447A-A87D-39E0C2C000F5}.Debug|Any CPU.ActiveCfg = Debug|Any CPU
		{1F945651-FF36-447A-A87D-39E0C2C000F5}.Debug|Any CPU.Build.0 = Debug|Any CPU
		{1F945651-FF36-447A-A87D-39E0C2C000F5}.Release|Any CPU.ActiveCfg = Release|Any CPU
		{1F945651-FF36-447A-A87D-39E0C2C000F5}.Release|Any CPU.Build.0 = Release|Any CPU
		{405D7CF2-905D-416C-AC01-148EF5D8F0F5}.Debug|Any CPU.ActiveCfg = Debug|Any CPU
		{405D7CF2-905D-416C-AC01-148EF5D8F0F5}.Debug|Any CPU.Build.0 = Debug|Any CPU
		{405D7CF2-905D-416C-AC01-148EF5D8F0F5}.Release|Any CPU.ActiveCfg = Release|Any CPU
		{405D7CF2-905D-416C-AC01-148EF5D8F0F5}.Release|Any CPU.Build.0 = Release|Any CPU
		{2757A0D5-F753-4EBC-95E6-3E4614A4D0AA}.Debug|Any CPU.ActiveCfg = Debug|Any CPU
		{2757A0D5-F753-4EBC-95E6-3E4614A4D0AA}.Debug|Any CPU.Build.0 = Debug|Any CPU
		{2757A0D5-F753-4EBC-95E6-3E4614A4D0AA}.Release|Any CPU.ActiveCfg = Release|Any CPU
		{2757A0D5-F753-4EBC-95E6-3E4614A4D0AA}.Release|Any CPU.Build.0 = Release|Any CPU
		{C1C53975-A5E8-4971-A48B-7D8912BA99FB}.Debug|Any CPU.ActiveCfg = Debug|Any CPU
		{C1C53975-A5E8-4971-A48B-7D8912BA99FB}.Debug|Any CPU.Build.0 = Debug|Any CPU
		{C1C53975-A5E8-4971-A48B-7D8912BA99FB}.Release|Any CPU.ActiveCfg = Release|Any CPU
		{C1C53975-A5E8-4971-A48B-7D8912BA99FB}.Release|Any CPU.Build.0 = Release|Any CPU
	EndGlobalSection
	GlobalSection(SolutionProperties) = preSolution
		HideSolutionNode = FALSE
	EndGlobalSection
	GlobalSection(ExtensibilityGlobals) = postSolution
		SolutionGuid = {0676C905-8DDD-4E27-A230-025E9B9E1159}
	EndGlobalSection
EndGlobal
